
Microsoft Visual Studio Solution File, Format Version 12.00
# Visual Studio Version 16
VisualStudioVersion = 16.0.31515.178
MinimumVisualStudioVersion = 10.0.40219.1
Project("{FAE04EC0-301F-11D3-BF4B-00C04F79EFBC}") = "XUnitTest.App", "XUnitTest.App\XUnitTest.App.csproj", "{C6E10FD0-6C46-4072-8088-1F706F53088D}"
EndProject
Project("{FAE04EC0-301F-11D3-BF4B-00C04F79EFBC}") = "XUnitTest.Test", "XUnitTest.Test\XUnitTest.Test.csproj", "{1AC62A51-406C-4AA5-869D-D9939E9F84B5}"
EndProject
Global
	GlobalSection(SolutionConfigurationPlatforms) = preSolution
		Debug|Any CPU = Debug|Any CPU
		Release|Any CPU = Release|Any CPU
	EndGlobalSection
	GlobalSection(ProjectConfigurationPlatforms) = postSolution
		{C6E10FD0-6C46-4072-8088-1F706F53088D}.Debug|Any CPU.ActiveCfg = Debug|Any CPU
		{C6E10FD0-6C46-4072-8088-1F706F53088D}.Debug|Any CPU.Build.0 = Debug|Any CPU
		{C6E10FD0-6C46-4072-8088-1F706F53088D}.Release|Any CPU.ActiveCfg = Release|Any CPU
		{C6E10FD0-6C46-4072-8088-1F706F53088D}.Release|Any CPU.Build.0 = Release|Any CPU
		{1AC62A51-406C-4AA5-869D-D9939E9F84B5}.Debug|Any CPU.ActiveCfg = Debug|Any CPU
		{1AC62A51-406C-4AA5-869D-D9939E9F84B5}.Debug|Any CPU.Build.0 = Debug|Any CPU
		{1AC62A51-406C-4AA5-869D-D9939E9F84B5}.Release|Any CPU.ActiveCfg = Release|Any CPU
		{1AC62A51-406C-4AA5-869D-D9939E9F84B5}.Release|Any CPU.Build.0 = Release|Any CPU
	EndGlobalSection
	GlobalSection(SolutionProperties) = preSolution
		HideSolutionNode = FALSE
	EndGlobalSection
	GlobalSection(ExtensibilityGlobals) = postSolution
		SolutionGuid = {161F92CE-5EB8-4228-8EA7-385B0C761060}
	EndGlobalSection
EndGlobal
